
Microsoft Visual Studio Solution File, Format Version 12.00
# Visual Studio 2013
VisualStudioVersion = 12.0.40629.0
MinimumVisualStudioVersion = 10.0.40219.1
Project("{FAE04EC0-301F-11D3-BF4B-00C04F79EFBC}") = "NunitTest", "NunitTest\NunitTest.csproj", "{40D61B32-74DE-48E2-AAC3-9E1E60A9894D}"
EndProject
Project("{FAE04EC0-301F-11D3-BF4B-00C04F79EFBC}") = "MsTest", "MsTest\MsTest.csproj", "{F09454D2-F282-4FBE-A077-AB25207D77B3}"
EndProject
Project("{FAE04EC0-301F-11D3-BF4B-00C04F79EFBC}") = "BankAccount", "BankAccount\BankAccount.csproj", "{155DD342-20D0-4BF8-8518-AF6D8214A825}"
EndProject
Global
	GlobalSection(SolutionConfigurationPlatforms) = preSolution
		Debug|Any CPU = Debug|Any CPU
		Release|Any CPU = Release|Any CPU
	EndGlobalSection
	GlobalSection(ProjectConfigurationPlatforms) = postSolution
		{40D61B32-74DE-48E2-AAC3-9E1E60A9894D}.Debug|Any CPU.ActiveCfg = Debug|Any CPU
		{40D61B32-74DE-48E2-AAC3-9E1E60A9894D}.Debug|Any CPU.Build.0 = Debug|Any CPU
		{40D61B32-74DE-48E2-AAC3-9E1E60A9894D}.Release|Any CPU.ActiveCfg = Release|Any CPU
		{40D61B32-74DE-48E2-AAC3-9E1E60A9894D}.Release|Any CPU.Build.0 = Release|Any CPU
		{F09454D2-F282-4FBE-A077-AB25207D77B3}.Debug|Any CPU.ActiveCfg = Debug|Any CPU
		{F09454D2-F282-4FBE-A077-AB25207D77B3}.Debug|Any CPU.Build.0 = Debug|Any CPU
		{F09454D2-F282-4FBE-A077-AB25207D77B3}.Release|Any CPU.ActiveCfg = Release|Any CPU
		{F09454D2-F282-4FBE-A077-AB25207D77B3}.Release|Any CPU.Build.0 = Release|Any CPU
		{155DD342-20D0-4BF8-8518-AF6D8214A825}.Debug|Any CPU.ActiveCfg = Debug|Any CPU
		{155DD342-20D0-4BF8-8518-AF6D8214A825}.Debug|Any CPU.Build.0 = Debug|Any CPU
		{155DD342-20D0-4BF8-8518-AF6D8214A825}.Release|Any CPU.ActiveCfg = Release|Any CPU
		{155DD342-20D0-4BF8-8518-AF6D8214A825}.Release|Any CPU.Build.0 = Release|Any CPU
	EndGlobalSection
	GlobalSection(SolutionProperties) = preSolution
		HideSolutionNode = FALSE
	EndGlobalSection
EndGlobal
